PODS:
  - MBProgressHUD (0.9.2)
  - TTTAttributedLabel (2.0.0)
  - XYYModel (1.0.2)

DEPENDENCIES:
  - MBProgressHUD (~> 0.9.1)
  - TTTAttributedLabel
  - XYYModel

SPEC REPOS:
  https://github.com/cocoapods/specs.git:
    - MBProgressHUD
    - TTTAttributedLabel
    - XYYModel

SPEC CHECKSUMS:
  MBProgressHUD: 1569cf7ace17a8bac47aabfbb8580a49690386d1
  TTTAttributedLabel: 8cffe8e127e4e82ff3af1e5386d4cd0ad000b656
  XYYModel: 76040f1d7ab90c3c063bf6ddce488b0649b1d523

PODFILE CHECKSUM: 96c1856ffea2221cf092da7b63f46856a13c7bbb

COCOAPODS: 1.5.2
