// !$*UTF8*$!
{
	archiveVersion = 1;
	classes = {
	};
	objectVersion = 50;
	objects = {

/* Begin PBXBuildFile section */
		D735C91420BD4D1A000D4A79 /* XYYKit.m in Sources */ = {isa = PBXBuildFile; fileRef = D735C91320BD4D1A000D4A79 /* XYYKit.m */; };
		D735C91520BD4D1A000D4A79 /* XYYKit.h in CopyFiles */ = {isa = PBXBuildFile; fileRef = D735C91220BD4D1A000D4A79 /* XYYKit.h */; };
		DAB8BED3CBFE5DD5E29FE120 /* libPods-XYYKit.a in Frameworks */ = {isa = PBXBuildFile; fileRef = 3D85200BD1C0C8462C43FAA4 /* libPods-XYYKit.a */; };
/* End PBXBuildFile section */

/* Begin PBXCopyFilesBuildPhase section */
		D735C90D20BD4D1A000D4A79 /* CopyFiles */ = {
			isa = PBXCopyFilesBuildPhase;
			buildActionMask = 2147483647;
			dstPath = "include/$(PRODUCT_NAME)";
			dstSubfolderSpec = 16;
			files = (
				D735C91520BD4D1A000D4A79 /* XYYKit.h in CopyFiles */,
			);
			runOnlyForDeploymentPostprocessing = 0;
		};
/* End PBXCopyFilesBuildPhase section */

/* Begin PBXFileReference section */
		3D85200BD1C0C8462C43FAA4 /* libPods-XYYKit.a */ = {isa = PBXFileReference; explicitFileType = archive.ar; includeInIndex = 0; path = "libPods-XYYKit.a"; sourceTree = BUILT_PRODUCTS_DIR; };
		B27961D6F9ACE23ACAD4B4A3 /* Pods-XYYKit.debug.xcconfig */ = {isa = PBXFileReference; includeInIndex = 1; lastKnownFileType = text.xcconfig; name = "Pods-XYYKit.debug.xcconfig"; path = "Pods/Target Support Files/Pods-XYYKit/Pods-XYYKit.debug.xcconfig"; sourceTree = "<group>"; };
		D735C90F20BD4D1A000D4A79 /* libXYYKit.a */ = {isa = PBXFileReference; explicitFileType = archive.ar; includeInIndex = 0; path = libXYYKit.a; sourceTree = BUILT_PRODUCTS_DIR; };
		D735C91220BD4D1A000D4A79 /* XYYKit.h */ = {isa = PBXFileReference; lastKnownFileType = sourcecode.c.h; path = XYYKit.h; sourceTree = "<group>"; };
		D735C91320BD4D1A000D4A79 /* XYYKit.m */ = {isa = PBXFileReference; lastKnownFileType = sourcecode.c.objc; path = XYYKit.m; sourceTree = "<group>"; };
		F7B1B83E075778BC69F6FE1B /* Pods-XYYKit.release.xcconfig */ = {isa = PBXFileReference; includeInIndex = 1; lastKnownFileType = text.xcconfig; name = "Pods-XYYKit.release.xcconfig"; path = "Pods/Target Support Files/Pods-XYYKit/Pods-XYYKit.release.xcconfig"; sourceTree = "<group>"; };
/* End PBXFileReference section */

/* Begin PBXFrameworksBuildPhase section */
		D735C90C20BD4D1A000D4A79 /* Frameworks */ = {
			isa = PBXFrameworksBuildPhase;
			buildActionMask = 2147483647;
			files = (
				DAB8BED3CBFE5DD5E29FE120 /* libPods-XYYKit.a in Frameworks */,
			);
			runOnlyForDeploymentPostprocessing = 0;
		};
/* End PBXFrameworksBuildPhase section */

/* Begin PBXGroup section */
		6399C03EAB79F3EEDE2CECD4 /* Pods */ = {
			isa = PBXGroup;
			children = (
				B27961D6F9ACE23ACAD4B4A3 /* Pods-XYYKit.debug.xcconfig */,
				F7B1B83E075778BC69F6FE1B /* Pods-XYYKit.release.xcconfig */,
			);
			name = Pods;
			sourceTree = "<group>";
		};
		C2BA7A3A95922AEE4D5787BC /* Frameworks */ = {
			isa = PBXGroup;
			children = (
				3D85200BD1C0C8462C43FAA4 /* libPods-XYYKit.a */,
			);
			name = Frameworks;
			sourceTree = "<group>";
		};
		D735C90620BD4D1A000D4A79 = {
			isa = PBXGroup;
			children = (
				D735C91120BD4D1A000D4A79 /* XYYKit */,
				D735C91020BD4D1A000D4A79 /* Products */,
				6399C03EAB79F3EEDE2CECD4 /* Pods */,
				C2BA7A3A95922AEE4D5787BC /* Frameworks */,
			);
			sourceTree = "<group>";
		};
		D735C91020BD4D1A000D4A79 /* Products */ = {
			isa = PBXGroup;
			children = (
				D735C90F20BD4D1A000D4A79 /* libXYYKit.a */,
			);
			name = Products;
			sourceTree = "<group>";
		};
		D735C91120BD4D1A000D4A79 /* XYYKit */ = {
			isa = PBXGroup;
			children = (
				D735C91220BD4D1A000D4A79 /* XYYKit.h */,
				D735C91320BD4D1A000D4A79 /* XYYKit.m */,
			);
			path = XYYKit;
			sourceTree = "<group>";
		};
/* End PBXGroup section */

/* Begin PBXNativeTarget section */
		D735C90E20BD4D1A000D4A79 /* XYYKit */ = {
			isa = PBXNativeTarget;
			buildConfigurationList = D735C91820BD4D1A000D4A79 /* Build configuration list for PBXNativeTarget "XYYKit" */;
			buildPhases = (
				5F9D808911503CFFF93EABB0 /* [CP] Check Pods Manifest.lock */,
				D735C90B20BD4D1A000D4A79 /* Sources */,
				D735C90C20BD4D1A000D4A79 /* Frameworks */,
				D735C90D20BD4D1A000D4A79 /* CopyFiles */,
			);
			buildRules = (
			);
			dependencies = (
			);
			name = XYYKit;
			productName = XYYKit;
			productReference = D735C90F20BD4D1A000D4A79 /* libXYYKit.a */;
			productType = "com.apple.product-type.library.static";
		};
/* End PBXNativeTarget section */

/* Begin PBXProject section */
		D735C90720BD4D1A000D4A79 /* Project object */ = {
			isa = PBXProject;
			attributes = {
				LastUpgradeCheck = 0930;
				ORGANIZATIONNAME = leslie;
				TargetAttributes = {
					D735C90E20BD4D1A000D4A79 = {
						CreatedOnToolsVersion = 9.3;
					};
				};
			};
			buildConfigurationList = D735C90A20BD4D1A000D4A79 /* Build configuration list for PBXProject "XYYKit" */;
			compatibilityVersion = "Xcode 9.3";
			developmentRegion = en;
			hasScannedForEncodings = 0;
			knownRegions = (
				en,
			);
			mainGroup = D735C90620BD4D1A000D4A79;
			productRefGroup = D735C91020BD4D1A000D4A79 /* Products */;
			projectDirPath = "";
			projectRoot = "";
			targets = (
				D735C90E20BD4D1A000D4A79 /* XYYKit */,
			);
		};
/* End PBXProject section */

/* Begin PBXShellScriptBuildPhase section */
		5F9D808911503CFFF93EABB0 /* [CP] Check Pods Manifest.lock */ = {
			isa = PBXShellScriptBuildPhase;
			buildActionMask = 2147483647;
			files = (
			);
			inputPaths = (
				"${PODS_PODFILE_DIR_PATH}/Podfile.lock",
				"${PODS_ROOT}/Manifest.lock",
			);
			name = "[CP] Check Pods Manifest.lock";
			outputPaths = (
				"$(DERIVED_FILE_DIR)/Pods-XYYKit-checkManifestLockResult.txt",
			);
			runOnlyForDeploymentPostprocessing = 0;
			shellPath = /bin/sh;
			shellScript = "diff \"${PODS_PODFILE_DIR_PATH}/Podfile.lock\" \"${PODS_ROOT}/Manifest.lock\" > /dev/null\nif [ $? != 0 ] ; then\n    # print error to STDERR\n    echo \"error: The sandbox is not in sync with the Podfile.lock. Run 'pod install' or update your CocoaPods installation.\" >&2\n    exit 1\nfi\n# This output is used by Xcode 'outputs' to avoid re-running this script phase.\necho \"SUCCESS\" > \"${SCRIPT_OUTPUT_FILE_0}\"\n";
			showEnvVarsInLog = 0;
		};
/* End PBXShellScriptBuildPhase section */

/* Begin PBXSourcesBuildPhase section */
		D735C90B20BD4D1A000D4A79 /* Sources */ = {
			isa = PBXSourcesBuildPhase;
			buildActionMask = 2147483647;
			files = (
				D735C91420BD4D1A000D4A79 /* XYYKit.m in Sources */,
			);
			runOnlyForDeploymentPostprocessing = 0;
		};
/* End PBXSourcesBuildPhase section */

/* Begin XCBuildConfiguration section */
		D735C91620BD4D1A000D4A79 /* Debug */ = {
			isa = XCBuildConfiguration;
			buildSettings = {
				ALWAYS_SEARCH_USER_PATHS = NO;
				CLANG_ANALYZER_NONNULL = YES;
				CLANG_ANALYZER_NUMBER_OBJECT_CONVERSION = YES_AGGRESSIVE;
				CLANG_CXX_LANGUAGE_STANDARD = "gnu++14";
				CLANG_CXX_LIBRARY = "libc++";
				CLANG_ENABLE_MODULES = YES;
				CLANG_ENABLE_OBJC_ARC = YES;
				CLANG_ENABLE_OBJC_WEAK = YES;
				CLANG_WARN_BLOCK_CAPTURE_AUTORELEASING = YES;
				CLANG_WARN_BOOL_CONVERSION = YES;
				CLANG_WARN_COMMA = YES;
				CLANG_WARN_CONSTANT_CONVERSION = YES;
				CLANG_WARN_DEPRECATED_OBJC_IMPLEMENTATIONS = YES;
				CLANG_WARN_DIRECT_OBJC_ISA_USAGE = YES_ERROR;
				CLANG_WARN_DOCUMENTATION_COMMENTS = YES;
				CLANG_WARN_EMPTY_BODY = YES;
				CLANG_WARN_ENUM_CONVERSION = YES;
				CLANG_WARN_INFINITE_RECURSION = YES;
				CLANG_WARN_INT_CONVERSION = YES;
				CLANG_WARN_NON_LITERAL_NULL_CONVERSION = YES;
				CLANG_WARN_OBJC_IMPLICIT_RETAIN_SELF = YES;
				CLANG_WARN_OBJC_LITERAL_CONVERSION = YES;
				CLANG_WARN_OBJC_ROOT_CLASS = YES_ERROR;
				CLANG_WARN_RANGE_LOOP_ANALYSIS = YES;
				CLANG_WARN_STRICT_PROTOTYPES = YES;
				CLANG_WARN_SUSPICIOUS_MOVE = YES;
				CLANG_WARN_UNGUARDED_AVAILABILITY = YES_AGGRESSIVE;
				CLANG_WARN_UNREACHABLE_CODE = YES;
				CLANG_WARN__DUPLICATE_METHOD_MATCH = YES;
				CODE_SIGN_IDENTITY = "iPhone Developer";
				COPY_PHASE_STRIP = NO;
				DEBUG_INFORMATION_FORMAT = dwarf;
				ENABLE_STRICT_OBJC_MSGSEND = YES;
				ENABLE_TESTABILITY = YES;
				GCC_C_LANGUAGE_STANDARD = gnu11;
				GCC_DYNAMIC_NO_PIC = NO;
				GCC_NO_COMMON_BLOCKS = YES;
				GCC_OPTIMIZATION_LEVEL = 0;
				GCC_PREPROCESSOR_DEFINITIONS = (
					"DEBUG=1",
					"$(inherited)",
				);
				GCC_WARN_64_TO_32_BIT_CONVERSION = YES;
				GCC_WARN_ABOUT_RETURN_TYPE = YES_ERROR;
				GCC_WARN_UNDECLARED_SELECTOR = YES;
				GCC_WARN_UNINITIALIZED_AUTOS = YES_AGGRESSIVE;
				GCC_WARN_UNUSED_FUNCTION = YES;
				GCC_WARN_UNUSED_VARIABLE = YES;
				IPHONEOS_DEPLOYMENT_TARGET = 11.3;
				MTL_ENABLE_DEBUG_INFO = YES;
				ONLY_ACTIVE_ARCH = YES;
				SDKROOT = iphoneos;
			};
			name = Debug;
		};
		D735C91720BD4D1A000D4A79 /* Release */ = {
			isa = XCBuildConfiguration;
			buildSettings = {
				ALWAYS_SEARCH_USER_PATHS = NO;
				CLANG_ANALYZER_NONNULL = YES;
				CLANG_ANALYZER_NUMBER_OBJECT_CONVERSION = YES_AGGRESSIVE;
				CLANG_CXX_LANGUAGE_STANDARD = "gnu++14";
				CLANG_CXX_LIBRARY = "libc++";
				CLANG_ENABLE_MODULES = YES;
				CLANG_ENABLE_OBJC_ARC = YES;
				CLANG_ENABLE_OBJC_WEAK = YES;
				CLANG_WARN_BLOCK_CAPTURE_AUTORELEASING = YES;
				CLANG_WARN_BOOL_CONVERSION = YES;
				CLANG_WARN_COMMA = YES;
				CLANG_WARN_CONSTANT_CONVERSION = YES;
				CLANG_WARN_DEPRECATED_OBJC_IMPLEMENTATIONS = YES;
				CLANG_WARN_DIRECT_OBJC_ISA_USAGE = YES_ERROR;
				CLANG_WARN_DOCUMENTATION_COMMENTS = YES;
				CLANG_WARN_EMPTY_BODY = YES;
				CLANG_WARN_ENUM_CONVERSION = YES;
				CLANG_WARN_INFINITE_RECURSION = YES;
				CLANG_WARN_INT_CONVERSION = YES;
				CLANG_WARN_NON_LITERAL_NULL_CONVERSION = YES;
				CLANG_WARN_OBJC_IMPLICIT_RETAIN_SELF = YES;
				CLANG_WARN_OBJC_LITERAL_CONVERSION = YES;
				CLANG_WARN_OBJC_ROOT_CLASS = YES_ERROR;
				CLANG_WARN_RANGE_LOOP_ANALYSIS = YES;
				CLANG_WARN_STRICT_PROTOTYPES = YES;
				CLANG_WARN_SUSPICIOUS_MOVE = YES;
				CLANG_WARN_UNGUARDED_AVAILABILITY = YES_AGGRESSIVE;
				CLANG_WARN_UNREACHABLE_CODE = YES;
				CLANG_WARN__DUPLICATE_METHOD_MATCH = YES;
				CODE_SIGN_IDENTITY = "iPhone Developer";
				COPY_PHASE_STRIP = NO;
				DEBUG_INFORMATION_FORMAT = "dwarf-with-dsym";
				ENABLE_NS_ASSERTIONS = NO;
				ENABLE_STRICT_OBJC_MSGSEND = YES;
				GCC_C_LANGUAGE_STANDARD = gnu11;
				GCC_NO_COMMON_BLOCKS = YES;
				GCC_WARN_64_TO_32_BIT_CONVERSION = YES;
				GCC_WARN_ABOUT_RETURN_TYPE = YES_ERROR;
				GCC_WARN_UNDECLARED_SELECTOR = YES;
				GCC_WARN_UNINITIALIZED_AUTOS = YES_AGGRESSIVE;
				GCC_WARN_UNUSED_FUNCTION = YES;
				GCC_WARN_UNUSED_VARIABLE = YES;
				IPHONEOS_DEPLOYMENT_TARGET = 11.3;
				MTL_ENABLE_DEBUG_INFO = NO;
				SDKROOT = iphoneos;
				VALIDATE_PRODUCT = YES;
			};
			name = Release;
		};
		D735C91920BD4D1A000D4A79 /* Debug */ = {
			isa = XCBuildConfiguration;
			baseConfigurationReference = B27961D6F9ACE23ACAD4B4A3 /* Pods-XYYKit.debug.xcconfig */;
			buildSettings = {
				CODE_SIGN_STYLE = Automatic;
				DEVELOPMENT_TEAM = QZCF4M4UX4;
				OTHER_LDFLAGS = "-ObjC";
				PRODUCT_NAME = "$(TARGET_NAME)";
				SKIP_INSTALL = YES;
				TARGETED_DEVICE_FAMILY = "1,2";
			};
			name = Debug;
		};
		D735C91A20BD4D1A000D4A79 /* Release */ = {
			isa = XCBuildConfiguration;
			baseConfigurationReference = F7B1B83E075778BC69F6FE1B /* Pods-XYYKit.release.xcconfig */;
			buildSettings = {
				CODE_SIGN_STYLE = Automatic;
				DEVELOPMENT_TEAM = QZCF4M4UX4;
				OTHER_LDFLAGS = "-ObjC";
				PRODUCT_NAME = "$(TARGET_NAME)";
				SKIP_INSTALL = YES;
				TARGETED_DEVICE_FAMILY = "1,2";
			};
			name = Release;
		};
/* End XCBuildConfiguration section */

/* Begin XCConfigurationList section */
		D735C90A20BD4D1A000D4A79 /* Build configuration list for PBXProject "XYYKit" */ = {
			isa = XCConfigurationList;
			buildConfigurations = (
				D735C91620BD4D1A000D4A79 /* Debug */,
				D735C91720BD4D1A000D4A79 /* Release */,
			);
			defaultConfigurationIsVisible = 0;
			defaultConfigurationName = Release;
		};
		D735C91820BD4D1A000D4A79 /* Build configuration list for PBXNativeTarget "XYYKit" */ = {
			isa = XCConfigurationList;
			buildConfigurations = (
				D735C91920BD4D1A000D4A79 /* Debug */,
				D735C91A20BD4D1A000D4A79 /* Release */,
			);
			defaultConfigurationIsVisible = 0;
			defaultConfigurationName = Release;
		};
/* End XCConfigurationList section */
	};
	rootObject = D735C90720BD4D1A000D4A79 /* Project object */;
}
